// !$*UTF8*$!
{
	archiveVersion = 1;
	classes = {
	};
	objectVersion = 56;
	objects = {

/* Begin PBXBuildFile section */
		361E8E3F2AD940700061EF0C /* DynamicIslandProjectApp.swift in Sources */ = {isa = PBXBuildFile; fileRef = 361E8E3E2AD940700061EF0C /* DynamicIslandProjectApp.swift */; };
		361E8E412AD940700061EF0C /* ContentView.swift in Sources */ = {isa = PBXBuildFile; fileRef = 361E8E402AD940700061EF0C /* ContentView.swift */; };
		361E8E432AD940720061EF0C /* Assets.xcassets in Resources */ = {isa = PBXBuildFile; fileRef = 361E8E422AD940720061EF0C /* Assets.xcassets */; };
		361E8E462AD940720061EF0C /* Preview Assets.xcassets in Resources */ = {isa = PBXBuildFile; fileRef = 361E8E452AD940720061EF0C /* Preview Assets.xcassets */; };
		361E8E502AD940720061EF0C /* DynamicIslandProjectTests.swift in Sources */ = {isa = PBXBuildFile; fileRef = 361E8E4F2AD940720061EF0C /* DynamicIslandProjectTests.swift */; };
		361E8E5A2AD940720061EF0C /* DynamicIslandProjectUITests.swift in Sources */ = {isa = PBXBuildFile; fileRef = 361E8E592AD940720061EF0C /* DynamicIslandProjectUITests.swift */; };
		361E8E5C2AD940720061EF0C /* DynamicIslandProjectUITestsLaunchTests.swift in Sources */ = {isa = PBXBuildFile; fileRef = 361E8E5B2AD940720061EF0C /* DynamicIslandProjectUITestsLaunchTests.swift */; };
		361E8E6F2AD944DB0061EF0C /* WidgetKit.framework in Frameworks */ = {isa = PBXBuildFile; fileRef = 361E8E6E2AD944DA0061EF0C /* WidgetKit.framework */; };
		361E8E712AD944DB0061EF0C /* SwiftUI.framework in Frameworks */ = {isa = PBXBuildFile; fileRef = 361E8E702AD944DB0061EF0C /* SwiftUI.framework */; };
		361E8E742AD944DB0061EF0C /* OrderStatusBundle.swift in Sources */ = {isa = PBXBuildFile; fileRef = 361E8E732AD944DB0061EF0C /* OrderStatusBundle.swift */; };
		361E8E762AD944DB0061EF0C /* OrderStatusLiveActivity.swift in Sources */ = {isa = PBXBuildFile; fileRef = 361E8E752AD944DB0061EF0C /* OrderStatusLiveActivity.swift */; };
		361E8E782AD944DB0061EF0C /* OrderStatus.swift in Sources */ = {isa = PBXBuildFile; fileRef = 361E8E772AD944DB0061EF0C /* OrderStatus.swift */; };
		361E8E7B2AD944DC0061EF0C /* Assets.xcassets in Resources */ = {isa = PBXBuildFile; fileRef = 361E8E7A2AD944DC0061EF0C /* Assets.xcassets */; };
		361E8E7D2AD944DC0061EF0C /* OrderStatus.intentdefinition in Sources */ = {isa = PBXBuildFile; fileRef = 361E8E792AD944DB0061EF0C /* OrderStatus.intentdefinition */; };
		361E8E7E2AD944DC0061EF0C /* OrderStatus.intentdefinition in Sources */ = {isa = PBXBuildFile; fileRef = 361E8E792AD944DB0061EF0C /* OrderStatus.intentdefinition */; };
		361E8E812AD944DC0061EF0C /* OrderStatusExtension.appex in Embed Foundation Extensions */ = {isa = PBXBuildFile; fileRef = 361E8E6C2AD944DA0061EF0C /* OrderStatusExtension.appex */; settings = {ATTRIBUTES = (RemoveHeadersOnCopy, ); }; };
		361E8E862AD944E70061EF0C /* OrderStatusLiveActivity.swift in Sources */ = {isa = PBXBuildFile; fileRef = 361E8E752AD944DB0061EF0C /* OrderStatusLiveActivity.swift */; };
/* End PBXBuildFile section */

/* Begin PBXContainerItemProxy section */
		361E8E4C2AD940720061EF0C /* PBXContainerItemProxy */ = {
			isa = PBXContainerItemProxy;
			containerPortal = 361E8E332AD940700061EF0C /* Project object */;
			proxyType = 1;
			remoteGlobalIDString = 361E8E3A2AD940700061EF0C;
			remoteInfo = DynamicIslandProject;
		};
		361E8E562AD940720061EF0C /* PBXContainerItemProxy */ = {
			isa = PBXContainerItemProxy;
			containerPortal = 361E8E332AD940700061EF0C /* Project object */;
			proxyType = 1;
			remoteGlobalIDString = 361E8E3A2AD940700061EF0C;
			remoteInfo = DynamicIslandProject;
		};
		361E8E7F2AD944DC0061EF0C /* PBXContainerItemProxy */ = {
			isa = PBXContainerItemProxy;
			containerPortal = 361E8E332AD940700061EF0C /* Project object */;
			proxyType = 1;
			remoteGlobalIDString = 361E8E6B2AD944DA0061EF0C;
			remoteInfo = OrderStatusExtension;
		};
/* End PBXContainerItemProxy section */

/* Begin PBXCopyFilesBuildPhase section */
		361E8E852AD944DC0061EF0C /* Embed Foundation Extensions */ = {
			isa = PBXCopyFilesBuildPhase;
			buildActionMask = 2147483647;
			dstPath = "";
			dstSubfolderSpec = 13;
			files = (
				361E8E812AD944DC0061EF0C /* OrderStatusExtension.appex in Embed Foundation Extensions */,
			);
			name = "Embed Foundation Extensions";
			runOnlyForDeploymentPostprocessing = 0;
		};
/* End PBXCopyFilesBuildPhase section */

/* Begin PBXFileReference section */
		361E8E3B2AD940700061EF0C /* DynamicIslandProject.app */ = {isa = PBXFileReference; explicitFileType = wrapper.application; includeInIndex = 0; path = DynamicIslandProject.app; sourceTree = BUILT_PRODUCTS_DIR; };
		361E8E3E2AD940700061EF0C /* DynamicIslandProjectApp.swift */ = {isa = PBXFileReference; lastKnownFileType = sourcecode.swift; path = DynamicIslandProjectApp.swift; sourceTree = "<group>"; };
		361E8E402AD940700061EF0C /* ContentView.swift */ = {isa = PBXFileReference; lastKnownFileType = sourcecode.swift; path = ContentView.swift; sourceTree = "<group>"; };
		361E8E422AD940720061EF0C /* Assets.xcassets */ = {isa = PBXFileReference; lastKnownFileType = folder.assetcatalog; path = Assets.xcassets; sourceTree = "<group>"; };
		361E8E452AD940720061EF0C /* Preview Assets.xcassets */ = {isa = PBXFileReference; lastKnownFileType = folder.assetcatalog; path = "Preview Assets.xcassets"; sourceTree = "<group>"; };
		361E8E4B2AD940720061EF0C /* DynamicIslandProjectTests.xctest */ = {isa = PBXFileReference; explicitFileType = wrapper.cfbundle; includeInIndex = 0; path = DynamicIslandProjectTests.xctest; sourceTree = BUILT_PRODUCTS_DIR; };
		361E8E4F2AD940720061EF0C /* DynamicIslandProjectTests.swift */ = {isa = PBXFileReference; lastKnownFileType = sourcecode.swift; path = DynamicIslandProjectTests.swift; sourceTree = "<group>"; };
		361E8E552AD940720061EF0C /* DynamicIslandProjectUITests.xctest */ = {isa = PBXFileReference; explicitFileType = wrapper.cfbundle; includeInIndex = 0; path = DynamicIslandProjectUITests.xctest; sourceTree = BUILT_PRODUCTS_DIR; };
		361E8E592AD940720061EF0C /* DynamicIslandProjectUITests.swift */ = {isa = PBXFileReference; lastKnownFileType = sourcecode.swift; path = DynamicIslandProjectUITests.swift; sourceTree = "<group>"; };
		361E8E5B2AD940720061EF0C /* DynamicIslandProjectUITestsLaunchTests.swift */ = {isa = PBXFileReference; lastKnownFileType = sourcecode.swift; path = DynamicIslandProjectUITestsLaunchTests.swift; sourceTree = "<group>"; };
		361E8E6C2AD944DA0061EF0C /* OrderStatusExtension.appex */ = {isa = PBXFileReference; explicitFileType = "wrapper.app-extension"; includeInIndex = 0; path = OrderStatusExtension.appex; sourceTree = BUILT_PRODUCTS_DIR; };
		361E8E6E2AD944DA0061EF0C /* WidgetKit.framework */ = {isa = PBXFileReference; lastKnownFileType = wrapper.framework; name = WidgetKit.framework; path = System/Library/Frameworks/WidgetKit.framework; sourceTree = SDKROOT; };
		361E8E702AD944DB0061EF0C /* SwiftUI.framework */ = {isa = PBXFileReference; lastKnownFileType = wrapper.framework; name = SwiftUI.framework; path = System/Library/Frameworks/SwiftUI.framework; sourceTree = SDKROOT; };
		361E8E732AD944DB0061EF0C /* OrderStatusBundle.swift */ = {isa = PBXFileReference; lastKnownFileType = sourcecode.swift; path = OrderStatusBundle.swift; sourceTree = "<group>"; };
		361E8E752AD944DB0061EF0C /* OrderStatusLiveActivity.swift */ = {isa = PBXFileReference; lastKnownFileType = sourcecode.swift; path = OrderStatusLiveActivity.swift; sourceTree = "<group>"; };
		361E8E772AD944DB0061EF0C /* OrderStatus.swift */ = {isa = PBXFileReference; lastKnownFileType = sourcecode.swift; path = OrderStatus.swift; sourceTree = "<group>"; };
		361E8E792AD944DB0061EF0C /* OrderStatus.intentdefinition */ = {isa = PBXFileReference; lastKnownFileType = file.intentdefinition; path = OrderStatus.intentdefinition; sourceTree = "<group>"; };
		361E8E7A2AD944DC0061EF0C /* Assets.xcassets */ = {isa = PBXFileReference; lastKnownFileType = folder.assetcatalog; path = Assets.xcassets; sourceTree = "<group>"; };
		361E8E7C2AD944DC0061EF0C /* Info.plist */ = {isa = PBXFileReference; lastKnownFileType = text.plist.xml; path = Info.plist; sourceTree = "<group>"; };
		36DA438C2AD975290027608F /* Info.plist */ = {isa = PBXFileReference; lastKnownFileType = text.plist; path = Info.plist; sourceTree = "<group>"; };
/* End PBXFileReference section */

/* Begin PBXFrameworksBuildPhase section */
		361E8E382AD940700061EF0C /* Frameworks */ = {
			isa = PBXFrameworksBuildPhase;
			buildActionMask = 2147483647;
			files = (
			);
			runOnlyForDeploymentPostprocessing = 0;
		};
		361E8E482AD940720061EF0C /* Frameworks */ = {
			isa = PBXFrameworksBuildPhase;
			buildActionMask = 2147483647;
			files = (
			);
			runOnlyForDeploymentPostprocessing = 0;
		};
		361E8E522AD940720061EF0C /* Frameworks */ = {
			isa = PBXFrameworksBuildPhase;
			buildActionMask = 2147483647;
			files = (
			);
			runOnlyForDeploymentPostprocessing = 0;
		};
		361E8E692AD944DA0061EF0C /* Frameworks */ = {
			isa = PBXFrameworksBuildPhase;
			buildActionMask = 2147483647;
			files = (
				361E8E712AD944DB0061EF0C /* SwiftUI.framework in Frameworks */,
				361E8E6F2AD944DB0061EF0C /* WidgetKit.framework in Frameworks */,
			);
			runOnlyForDeploymentPostprocessing = 0;
		};
/* End PBXFrameworksBuildPhase section */

/* Begin PBXGroup section */
		361E8E322AD940700061EF0C = {
			isa = PBXGroup;
			children = (
				361E8E3D2AD940700061EF0C /* DynamicIslandProject */,
				361E8E4E2AD940720061EF0C /* DynamicIslandProjectTests */,
				361E8E582AD940720061EF0C /* DynamicIslandProjectUITests */,
				361E8E722AD944DB0061EF0C /* OrderStatus */,
				361E8E6D2AD944DA0061EF0C /* Frameworks */,
				361E8E3C2AD940700061EF0C /* Products */,
			);
			sourceTree = "<group>";
		};
		361E8E3C2AD940700061EF0C /* Products */ = {
			isa = PBXGroup;
			children = (
				361E8E3B2AD940700061EF0C /* DynamicIslandProject.app */,
				361E8E4B2AD940720061EF0C /* DynamicIslandProjectTests.xctest */,
				361E8E552AD940720061EF0C /* DynamicIslandProjectUITests.xctest */,
				361E8E6C2AD944DA0061EF0C /* OrderStatusExtension.appex */,
			);
			name = Products;
			sourceTree = "<group>";
		};
		361E8E3D2AD940700061EF0C /* DynamicIslandProject */ = {
			isa = PBXGroup;
			children = (
				36DA438C2AD975290027608F /* Info.plist */,
				361E8E3E2AD940700061EF0C /* DynamicIslandProjectApp.swift */,
				361E8E402AD940700061EF0C /* ContentView.swift */,
				361E8E422AD940720061EF0C /* Assets.xcassets */,
				361E8E442AD940720061EF0C /* Preview Content */,
			);
			path = DynamicIslandProject;
			sourceTree = "<group>";
		};
		361E8E442AD940720061EF0C /* Preview Content */ = {
			isa = PBXGroup;
			children = (
				361E8E452AD940720061EF0C /* Preview Assets.xcassets */,
			);
			path = "Preview Content";
			sourceTree = "<group>";
		};
		361E8E4E2AD940720061EF0C /* DynamicIslandProjectTests */ = {
			isa = PBXGroup;
			children = (
				361E8E4F2AD940720061EF0C /* DynamicIslandProjectTests.swift */,
			);
			path = DynamicIslandProjectTests;
			sourceTree = "<group>";
		};
		361E8E582AD940720061EF0C /* DynamicIslandProjectUITests */ = {
			isa = PBXGroup;
			children = (
				361E8E592AD940720061EF0C /* DynamicIslandProjectUITests.swift */,
				361E8E5B2AD940720061EF0C /* DynamicIslandProjectUITestsLaunchTests.swift */,
			);
			path = DynamicIslandProjectUITests;
			sourceTree = "<group>";
		};
		361E8E6D2AD944DA0061EF0C /* Frameworks */ = {
			isa = PBXGroup;
			children = (
				361E8E6E2AD944DA0061EF0C /* WidgetKit.framework */,
				361E8E702AD944DB0061EF0C /* SwiftUI.framework */,
			);
			name = Frameworks;
			sourceTree = "<group>";
		};
		361E8E722AD944DB0061EF0C /* OrderStatus */ = {
			isa = PBXGroup;
			children = (
				361E8E732AD944DB0061EF0C /* OrderStatusBundle.swift */,
				361E8E752AD944DB0061EF0C /* OrderStatusLiveActivity.swift */,
				361E8E772AD944DB0061EF0C /* OrderStatus.swift */,
				361E8E792AD944DB0061EF0C /* OrderStatus.intentdefinition */,
				361E8E7A2AD944DC0061EF0C /* Assets.xcassets */,
				361E8E7C2AD944DC0061EF0C /* Info.plist */,
			);
			path = OrderStatus;
			sourceTree = "<group>";
		};
/* End PBXGroup section */

/* Begin PBXNativeTarget section */
		361E8E3A2AD940700061EF0C /* DynamicIslandProject */ = {
			isa = PBXNativeTarget;
			buildConfigurationList = 361E8E5F2AD940720061EF0C /* Build configuration list for PBXNativeTarget "DynamicIslandProject" */;
			buildPhases = (
				361E8E372AD940700061EF0C /* Sources */,
				361E8E382AD940700061EF0C /* Frameworks */,
				361E8E392AD940700061EF0C /* Resources */,
				361E8E852AD944DC0061EF0C /* Embed Foundation Extensions */,
			);
			buildRules = (
			);
			dependencies = (
				361E8E802AD944DC0061EF0C /* PBXTargetDependency */,
			);
			name = DynamicIslandProject;
			productName = DynamicIslandProject;
			productReference = 361E8E3B2AD940700061EF0C /* DynamicIslandProject.app */;
			productType = "com.apple.product-type.application";
		};
		361E8E4A2AD940720061EF0C /* DynamicIslandProjectTests */ = {
			isa = PBXNativeTarget;
			buildConfigurationList = 361E8E622AD940720061EF0C /* Build configuration list for PBXNativeTarget "DynamicIslandProjectTests" */;
			buildPhases = (
				361E8E472AD940720061EF0C /* Sources */,
				361E8E482AD940720061EF0C /* Frameworks */,
				361E8E492AD940720061EF0C /* Resources */,
			);
			buildRules = (
			);
			dependencies = (
				361E8E4D2AD940720061EF0C /* PBXTargetDependency */,
			);
			name = DynamicIslandProjectTests;
			productName = DynamicIslandProjectTests;
			productReference = 361E8E4B2AD940720061EF0C /* DynamicIslandProjectTests.xctest */;
			productType = "com.apple.product-type.bundle.unit-test";
		};
		361E8E542AD940720061EF0C /* DynamicIslandProjectUITests */ = {
			isa = PBXNativeTarget;
			buildConfigurationList = 361E8E652AD940720061EF0C /* Build configuration list for PBXNativeTarget "DynamicIslandProjectUITests" */;
			buildPhases = (
				361E8E512AD940720061EF0C /* Sources */,
				361E8E522AD940720061EF0C /* Frameworks */,
				361E8E532AD940720061EF0C /* Resources */,
			);
			buildRules = (
			);
			dependencies = (
				361E8E572AD940720061EF0C /* PBXTargetDependency */,
			);
			name = DynamicIslandProjectUITests;
			productName = DynamicIslandProjectUITests;
			productReference = 361E8E552AD940720061EF0C /* DynamicIslandProjectUITests.xctest */;
			productType = "com.apple.product-type.bundle.ui-testing";
		};
		361E8E6B2AD944DA0061EF0C /* OrderStatusExtension */ = {
			isa = PBXNativeTarget;
			buildConfigurationList = 361E8E822AD944DC0061EF0C /* Build configuration list for PBXNativeTarget "OrderStatusExtension" */;
			buildPhases = (
				361E8E682AD944DA0061EF0C /* Sources */,
				361E8E692AD944DA0061EF0C /* Frameworks */,
				361E8E6A2AD944DA0061EF0C /* Resources */,
			);
			buildRules = (
			);
			dependencies = (
			);
			name = OrderStatusExtension;
			productName = OrderStatusExtension;
			productReference = 361E8E6C2AD944DA0061EF0C /* OrderStatusExtension.appex */;
			productType = "com.apple.product-type.app-extension";
		};
/* End PBXNativeTarget section */

/* Begin PBXProject section */
		361E8E332AD940700061EF0C /* Project object */ = {
			isa = PBXProject;
			attributes = {
				BuildIndependentTargetsInParallel = 1;
				LastSwiftUpdateCheck = 1410;
				LastUpgradeCheck = 1410;
				TargetAttributes = {
					361E8E3A2AD940700061EF0C = {
						CreatedOnToolsVersion = 14.1;
					};
					361E8E4A2AD940720061EF0C = {
						CreatedOnToolsVersion = 14.1;
						TestTargetID = 361E8E3A2AD940700061EF0C;
					};
					361E8E542AD940720061EF0C = {
						CreatedOnToolsVersion = 14.1;
						TestTargetID = 361E8E3A2AD940700061EF0C;
					};
					361E8E6B2AD944DA0061EF0C = {
						CreatedOnToolsVersion = 14.1;
					};
				};
			};
			buildConfigurationList = 361E8E362AD940700061EF0C /* Build configuration list for PBXProject "DynamicIslandProject" */;
			compatibilityVersion = "Xcode 14.0";
			developmentRegion = en;
			hasScannedForEncodings = 0;
			knownRegions = (
				en,
				Base,
			);
			mainGroup = 361E8E322AD940700061EF0C;
			productRefGroup = 361E8E3C2AD940700061EF0C /* Products */;
			projectDirPath = "";
			projectRoot = "";
			targets = (
				361E8E3A2AD940700061EF0C /* DynamicIslandProject */,
				361E8E4A2AD940720061EF0C /* DynamicIslandProjectTests */,
				361E8E542AD940720061EF0C /* DynamicIslandProjectUITests */,
				361E8E6B2AD944DA0061EF0C /* OrderStatusExtension */,
			);
		};
/* End PBXProject section */

/* Begin PBXResourcesBuildPhase section */
		361E8E392AD940700061EF0C /* Resources */ = {
			isa = PBXResourcesBuildPhase;
			buildActionMask = 2147483647;
			files = (
				361E8E462AD940720061EF0C /* Preview Assets.xcassets in Resources */,
				361E8E432AD940720061EF0C /* Assets.xcassets in Resources */,
			);
			runOnlyForDeploymentPostprocessing = 0;
		};
		361E8E492AD940720061EF0C /* Resources */ = {
			isa = PBXResourcesBuildPhase;
			buildActionMask = 2147483647;
			files = (
			);
			runOnlyForDeploymentPostprocessing = 0;
		};
		361E8E532AD940720061EF0C /* Resources */ = {
			isa = PBXResourcesBuildPhase;
			buildActionMask = 2147483647;
			files = (
			);
			runOnlyForDeploymentPostprocessing = 0;
		};
		361E8E6A2AD944DA0061EF0C /* Resources */ = {
			isa = PBXResourcesBuildPhase;
			buildActionMask = 2147483647;
			files = (
				361E8E7B2AD944DC0061EF0C /* Assets.xcassets in Resources */,
			);
			runOnlyForDeploymentPostprocessing = 0;
		};
/* End PBXResourcesBuildPhase section */

/* Begin PBXSourcesBuildPhase section */
		361E8E372AD940700061EF0C /* Sources */ = {
			isa = PBXSourcesBuildPhase;
			buildActionMask = 2147483647;
			files = (
				361E8E7E2AD944DC0061EF0C /* OrderStatus.intentdefinition in Sources */,
				361E8E862AD944E70061EF0C /* OrderStatusLiveActivity.swift in Sources */,
				361E8E412AD940700061EF0C /* ContentView.swift in Sources */,
				361E8E3F2AD940700061EF0C /* DynamicIslandProjectApp.swift in Sources */,
			);
			runOnlyForDeploymentPostprocessing = 0;
		};
		361E8E472AD940720061EF0C /* Sources */ = {
			isa = PBXSourcesBuildPhase;
			buildActionMask = 2147483647;
			files = (
				361E8E502AD940720061EF0C /* DynamicIslandProjectTests.swift in Sources */,
			);
			runOnlyForDeploymentPostprocessing = 0;
		};
		361E8E512AD940720061EF0C /* Sources */ = {
			isa = PBXSourcesBuildPhase;
			buildActionMask = 2147483647;
			files = (
				361E8E5A2AD940720061EF0C /* DynamicIslandProjectUITests.swift in Sources */,
				361E8E5C2AD940720061EF0C /* DynamicIslandProjectUITestsLaunchTests.swift in Sources */,
			);
			runOnlyForDeploymentPostprocessing = 0;
		};
		361E8E682AD944DA0061EF0C /* Sources */ = {
			isa = PBXSourcesBuildPhase;
			buildActionMask = 2147483647;
			files = (
				361E8E782AD944DB0061EF0C /* OrderStatus.swift in Sources */,
				361E8E7D2AD944DC0061EF0C /* OrderStatus.intentdefinition in Sources */,
				361E8E742AD944DB0061EF0C /* OrderStatusBundle.swift in Sources */,
				361E8E762AD944DB0061EF0C /* OrderStatusLiveActivity.swift in Sources */,
			);
			runOnlyForDeploymentPostprocessing = 0;
		};
/* End PBXSourcesBuildPhase section */

/* Begin PBXTargetDependency section */
		361E8E4D2AD940720061EF0C /* PBXTargetDependency */ = {
			isa = PBXTargetDependency;
			target = 361E8E3A2AD940700061EF0C /* DynamicIslandProject */;
			targetProxy = 361E8E4C2AD940720061EF0C /* PBXContainerItemProxy */;
		};
		361E8E572AD940720061EF0C /* PBXTargetDependency */ = {
			isa = PBXTargetDependency;
			target = 361E8E3A2AD940700061EF0C /* DynamicIslandProject */;
			targetProxy = 361E8E562AD940720061EF0C /* PBXContainerItemProxy */;
		};
		361E8E802AD944DC0061EF0C /* PBXTargetDependency */ = {
			isa = PBXTargetDependency;
			target = 361E8E6B2AD944DA0061EF0C /* OrderStatusExtension */;
			targetProxy = 361E8E7F2AD944DC0061EF0C /* PBXContainerItemProxy */;
		};
/* End PBXTargetDependency section */

/* Begin XCBuildConfiguration section */
		361E8E5D2AD940720061EF0C /* Debug */ = {
			isa = XCBuildConfiguration;
			buildSettings = {
				ALWAYS_SEARCH_USER_PATHS = NO;
				CLANG_ANALYZER_NONNULL = YES;
				CLANG_ANALYZER_NUMBER_OBJECT_CONVERSION = YES_AGGRESSIVE;
				CLANG_CXX_LANGUAGE_STANDARD = "gnu++20";
				CLANG_ENABLE_MODULES = YES;
				CLANG_ENABLE_OBJC_ARC = YES;
				CLANG_ENABLE_OBJC_WEAK = YES;
				CLANG_WARN_BLOCK_CAPTURE_AUTORELEASING = YES;
				CLANG_WARN_BOOL_CONVERSION = YES;
				CLANG_WARN_COMMA = YES;
				CLANG_WARN_CONSTANT_CONVERSION = YES;
				CLANG_WARN_DEPRECATED_OBJC_IMPLEMENTATIONS = YES;
				CLANG_WARN_DIRECT_OBJC_ISA_USAGE = YES_ERROR;
				CLANG_WARN_DOCUMENTATION_COMMENTS = YES;
				CLANG_WARN_EMPTY_BODY = YES;
				CLANG_WARN_ENUM_CONVERSION = YES;
				CLANG_WARN_INFINITE_RECURSION = YES;
				CLANG_WARN_INT_CONVERSION = YES;
				CLANG_WARN_NON_LITERAL_NULL_CONVERSION = YES;
				CLANG_WARN_OBJC_IMPLICIT_RETAIN_SELF = YES;
				CLANG_WARN_OBJC_LITERAL_CONVERSION = YES;
				CLANG_WARN_OBJC_ROOT_CLASS = YES_ERROR;
				CLANG_WARN_QUOTED_INCLUDE_IN_FRAMEWORK_HEADER = YES;
				CLANG_WARN_RANGE_LOOP_ANALYSIS = YES;
				CLANG_WARN_STRICT_PROTOTYPES = YES;
				CLANG_WARN_SUSPICIOUS_MOVE = YES;
				CLANG_WARN_UNGUARDED_AVAILABILITY = YES_AGGRESSIVE;
				CLANG_WARN_UNREACHABLE_CODE = YES;
				CLANG_WARN__DUPLICATE_METHOD_MATCH = YES;
				COPY_PHASE_STRIP = NO;
				DEBUG_INFORMATION_FORMAT = dwarf;
				ENABLE_STRICT_OBJC_MSGSEND = YES;
				ENABLE_TESTABILITY = YES;
				GCC_C_LANGUAGE_STANDARD = gnu11;
				GCC_DYNAMIC_NO_PIC = NO;
				GCC_NO_COMMON_BLOCKS = YES;
				GCC_OPTIMIZATION_LEVEL = 0;
				GCC_PREPROCESSOR_DEFINITIONS = (
					"DEBUG=1",
					"$(inherited)",
				);
				GCC_WARN_64_TO_32_BIT_CONVERSION = YES;
				GCC_WARN_ABOUT_RETURN_TYPE = YES_ERROR;
				GCC_WARN_UNDECLARED_SELECTOR = YES;
				GCC_WARN_UNINITIALIZED_AUTOS = YES_AGGRESSIVE;
				GCC_WARN_UNUSED_FUNCTION = YES;
				GCC_WARN_UNUSED_VARIABLE = YES;
				IPHONEOS_DEPLOYMENT_TARGET = 16.1;
				MTL_ENABLE_DEBUG_INFO = INCLUDE_SOURCE;
				MTL_FAST_MATH = YES;
				ONLY_ACTIVE_ARCH = YES;
				SDKROOT = iphoneos;
				SWIFT_ACTIVE_COMPILATION_CONDITIONS = DEBUG;
				SWIFT_OPTIMIZATION_LEVEL = "-Onone";
			};
			name = Debug;
		};
		361E8E5E2AD940720061EF0C /* Release */ = {
			isa = XCBuildConfiguration;
			buildSettings = {
				ALWAYS_SEARCH_USER_PATHS = NO;
				CLANG_ANALYZER_NONNULL = YES;
				CLANG_ANALYZER_NUMBER_OBJECT_CONVERSION = YES_AGGRESSIVE;
				CLANG_CXX_LANGUAGE_STANDARD = "gnu++20";
				CLANG_ENABLE_MODULES = YES;
				CLANG_ENABLE_OBJC_ARC = YES;
				CLANG_ENABLE_OBJC_WEAK = YES;
				CLANG_WARN_BLOCK_CAPTURE_AUTORELEASING = YES;
				CLANG_WARN_BOOL_CONVERSION = YES;
				CLANG_WARN_COMMA = YES;
				CLANG_WARN_CONSTANT_CONVERSION = YES;
				CLANG_WARN_DEPRECATED_OBJC_IMPLEMENTATIONS = YES;
				CLANG_WARN_DIRECT_OBJC_ISA_USAGE = YES_ERROR;
				CLANG_WARN_DOCUMENTATION_COMMENTS = YES;
				CLANG_WARN_EMPTY_BODY = YES;
				CLANG_WARN_ENUM_CONVERSION = YES;
				CLANG_WARN_INFINITE_RECURSION = YES;
				CLANG_WARN_INT_CONVERSION = YES;
				CLANG_WARN_NON_LITERAL_NULL_CONVERSION = YES;
				CLANG_WARN_OBJC_IMPLICIT_RETAIN_SELF = YES;
				CLANG_WARN_OBJC_LITERAL_CONVERSION = YES;
				CLANG_WARN_OBJC_ROOT_CLASS = YES_ERROR;
				CLANG_WARN_QUOTED_INCLUDE_IN_FRAMEWORK_HEADER = YES;
				CLANG_WARN_RANGE_LOOP_ANALYSIS = YES;
				CLANG_WARN_STRICT_PROTOTYPES = YES;
				CLANG_WARN_SUSPICIOUS_MOVE = YES;
				CLANG_WARN_UNGUARDED_AVAILABILITY = YES_AGGRESSIVE;
				CLANG_WARN_UNREACHABLE_CODE = YES;
				CLANG_WARN__DUPLICATE_METHOD_MATCH = YES;
				COPY_PHASE_STRIP = NO;
				DEBUG_INFORMATION_FORMAT = "dwarf-with-dsym";
				ENABLE_NS_ASSERTIONS = NO;
				ENABLE_STRICT_OBJC_MSGSEND = YES;
				GCC_C_LANGUAGE_STANDARD = gnu11;
				GCC_NO_COMMON_BLOCKS = YES;
				GCC_WARN_64_TO_32_BIT_CONVERSION = YES;
				GCC_WARN_ABOUT_RETURN_TYPE = YES_ERROR;
				GCC_WARN_UNDECLARED_SELECTOR = YES;
				GCC_WARN_UNINITIALIZED_AUTOS = YES_AGGRESSIVE;
				GCC_WARN_UNUSED_FUNCTION = YES;
				GCC_WARN_UNUSED_VARIABLE = YES;
				IPHONEOS_DEPLOYMENT_TARGET = 16.1;
				MTL_ENABLE_DEBUG_INFO = NO;
				MTL_FAST_MATH = YES;
				SDKROOT = iphoneos;
				SWIFT_COMPILATION_MODE = wholemodule;
				SWIFT_OPTIMIZATION_LEVEL = "-O";
				VALIDATE_PRODUCT = YES;
			};
			name = Release;
		};
		361E8E602AD940720061EF0C /* Debug */ = {
			isa = XCBuildConfiguration;
			buildSettings = {
				ALWAYS_EMBED_SWIFT_STANDARD_LIBRARIES = YES;
				ASSETCATALOG_COMPILER_APPICON_NAME = AppIcon;
				ASSETCATALOG_COMPILER_GLOBAL_ACCENT_COLOR_NAME = AccentColor;
				CODE_SIGN_STYLE = Automatic;
				CURRENT_PROJECT_VERSION = 1;
				DEVELOPMENT_ASSET_PATHS = "\"DynamicIslandProject/Preview Content\"";
				DEVELOPMENT_TEAM = ASYY52PPPV;
				ENABLE_PREVIEWS = YES;
				GENERATE_INFOPLIST_FILE = YES;
				INFOPLIST_FILE = DynamicIslandProject/Info.plist;
				INFOPLIST_KEY_NSSupportsLiveActivities = YES;
				INFOPLIST_KEY_UIApplicationSceneManifest_Generation = YES;
				INFOPLIST_KEY_UIApplicationSupportsIndirectInputEvents = YES;
				INFOPLIST_KEY_UILaunchScreen_Generation = YES;
				INFOPLIST_KEY_UISupportedInterfaceOrientations_iPad = "UIInterfaceOrientationPortrait UIInterfaceOrientationPortraitUpsideDown UIInterfaceOrientationLandscapeLeft UIInterfaceOrientationLandscapeRight";
				INFOPLIST_KEY_UISupportedInterfaceOrientations_iPhone = "UIInterfaceOrientationPortrait UIInterfaceOrientationLandscapeLeft UIInterfaceOrientationLandscapeRight";
				IPHONEOS_DEPLOYMENT_TARGET = 16.2;
				LD_RUNPATH_SEARCH_PATHS = (
					"$(inherited)",
					"@executable_path/Frameworks",
				);
				MARKETING_VERSION = 1.0;
				PRODUCT_BUNDLE_IDENTIFIER = com.yosshi.DynamicIslandProject;
				PRODUCT_NAME = "$(TARGET_NAME)";
				SWIFT_EMIT_LOC_STRINGS = YES;
				SWIFT_VERSION = 5.0;
				TARGETED_DEVICE_FAMILY = "1,2";
			};
			name = Debug;
		};
		361E8E612AD940720061EF0C /* Release */ = {
			isa = XCBuildConfiguration;
			buildSettings = {
				ALWAYS_EMBED_SWIFT_STANDARD_LIBRARIES = YES;
				ASSETCATALOG_COMPILER_APPICON_NAME = AppIcon;
				ASSETCATALOG_COMPILER_GLOBAL_ACCENT_COLOR_NAME = AccentColor;
				CODE_SIGN_STYLE = Automatic;
				CURRENT_PROJECT_VERSION = 1;
				DEVELOPMENT_ASSET_PATHS = "\"DynamicIslandProject/Preview Content\"";
				DEVELOPMENT_TEAM = ASYY52PPPV;
				ENABLE_PREVIEWS = YES;
				GENERATE_INFOPLIST_FILE = YES;
				INFOPLIST_FILE = DynamicIslandProject/Info.plist;
				INFOPLIST_KEY_NSSupportsLiveActivities = YES;
				INFOPLIST_KEY_UIApplicationSceneManifest_Generation = YES;
				INFOPLIST_KEY_UIApplicationSupportsIndirectInputEvents = YES;
				INFOPLIST_KEY_UILaunchScreen_Generation = YES;
				INFOPLIST_KEY_UISupportedInterfaceOrientations_iPad = "UIInterfaceOrientationPortrait UIInterfaceOrientationPortraitUpsideDown UIInterfaceOrientationLandscapeLeft UIInterfaceOrientationLandscapeRight";
				INFOPLIST_KEY_UISupportedInterfaceOrientations_iPhone = "UIInterfaceOrientationPortrait UIInterfaceOrientationLandscapeLeft UIInterfaceOrientationLandscapeRight";
				IPHONEOS_DEPLOYMENT_TARGET = 16.2;
				LD_RUNPATH_SEARCH_PATHS = (
					"$(inherited)",
					"@executable_path/Frameworks",
				);
				MARKETING_VERSION = 1.0;
				PRODUCT_BUNDLE_IDENTIFIER = com.yosshi.DynamicIslandProject;
				PRODUCT_NAME = "$(TARGET_NAME)";
				SWIFT_EMIT_LOC_STRINGS = YES;
				SWIFT_VERSION = 5.0;
				TARGETED_DEVICE_FAMILY = "1,2";
			};
			name = Release;
		};
		361E8E632AD940720061EF0C /* Debug */ = {
			isa = XCBuildConfiguration;
			buildSettings = {
				ALWAYS_EMBED_SWIFT_STANDARD_LIBRARIES = YES;
				BUNDLE_LOADER = "$(TEST_HOST)";
				CODE_SIGN_STYLE = Automatic;
				CURRENT_PROJECT_VERSION = 1;
				DEVELOPMENT_TEAM = ASYY52PPPV;
				GENERATE_INFOPLIST_FILE = YES;
				IPHONEOS_DEPLOYMENT_TARGET = 16.1;
				MARKETING_VERSION = 1.0;
				PRODUCT_BUNDLE_IDENTIFIER = com.yosshi.DynamicIslandProjectTests;
				PRODUCT_NAME = "$(TARGET_NAME)";
				SWIFT_EMIT_LOC_STRINGS = NO;
				SWIFT_VERSION = 5.0;
				TARGETED_DEVICE_FAMILY = "1,2";
				TEST_HOST = "$(BUILT_PRODUCTS_DIR)/DynamicIslandProject.app/$(BUNDLE_EXECUTABLE_FOLDER_PATH)/DynamicIslandProject";
			};
			name = Debug;
		};
		361E8E642AD940720061EF0C /* Release */ = {
			isa = XCBuildConfiguration;
			buildSettings = {
				ALWAYS_EMBED_SWIFT_STANDARD_LIBRARIES = YES;
				BUNDLE_LOADER = "$(TEST_HOST)";
				CODE_SIGN_STYLE = Automatic;
				CURRENT_PROJECT_VERSION = 1;
				DEVELOPMENT_TEAM = ASYY52PPPV;
				GENERATE_INFOPLIST_FILE = YES;
				IPHONEOS_DEPLOYMENT_TARGET = 16.1;
				MARKETING_VERSION = 1.0;
				PRODUCT_BUNDLE_IDENTIFIER = com.yosshi.DynamicIslandProjectTests;
				PRODUCT_NAME = "$(TARGET_NAME)";
				SWIFT_EMIT_LOC_STRINGS = NO;
				SWIFT_VERSION = 5.0;
				TARGETED_DEVICE_FAMILY = "1,2";
				TEST_HOST = "$(BUILT_PRODUCTS_DIR)/DynamicIslandProject.app/$(BUNDLE_EXECUTABLE_FOLDER_PATH)/DynamicIslandProject";
			};
			name = Release;
		};
		361E8E662AD940720061EF0C /* Debug */ = {
			isa = XCBuildConfiguration;
			buildSettings = {
				ALWAYS_EMBED_SWIFT_STANDARD_LIBRARIES = YES;
				CODE_SIGN_STYLE = Automatic;
				CURRENT_PROJECT_VERSION = 1;
				DEVELOPMENT_TEAM = ASYY52PPPV;
				GENERATE_INFOPLIST_FILE = YES;
				MARKETING_VERSION = 1.0;
				PRODUCT_BUNDLE_IDENTIFIER = com.yosshi.DynamicIslandProjectUITests;
				PRODUCT_NAME = "$(TARGET_NAME)";
				SWIFT_EMIT_LOC_STRINGS = NO;
				SWIFT_VERSION = 5.0;
				TARGETED_DEVICE_FAMILY = "1,2";
				TEST_TARGET_NAME = DynamicIslandProject;
			};
			name = Debug;
		};
		361E8E672AD940720061EF0C /* Release */ = {
			isa = XCBuildConfiguration;
			buildSettings = {
				ALWAYS_EMBED_SWIFT_STANDARD_LIBRARIES = YES;
				CODE_SIGN_STYLE = Automatic;
				CURRENT_PROJECT_VERSION = 1;
				DEVELOPMENT_TEAM = ASYY52PPPV;
				GENERATE_INFOPLIST_FILE = YES;
				MARKETING_VERSION = 1.0;
				PRODUCT_BUNDLE_IDENTIFIER = com.yosshi.DynamicIslandProjectUITests;
				PRODUCT_NAME = "$(TARGET_NAME)";
				SWIFT_EMIT_LOC_STRINGS = NO;
				SWIFT_VERSION = 5.0;
				TARGETED_DEVICE_FAMILY = "1,2";
				TEST_TARGET_NAME = DynamicIslandProject;
			};
			name = Release;
		};
		361E8E832AD944DC0061EF0C /* Debug */ = {
			isa = XCBuildConfiguration;
			buildSettings = {
				ASSETCATALOG_COMPILER_GLOBAL_ACCENT_COLOR_NAME = AccentColor;
				ASSETCATALOG_COMPILER_WIDGET_BACKGROUND_COLOR_NAME = WidgetBackground;
				CODE_SIGN_STYLE = Automatic;
				CURRENT_PROJECT_VERSION = 1;
				DEVELOPMENT_TEAM = ASYY52PPPV;
				GENERATE_INFOPLIST_FILE = YES;
				INFOPLIST_FILE = OrderStatus/Info.plist;
				INFOPLIST_KEY_CFBundleDisplayName = OrderStatus;
				INFOPLIST_KEY_NSHumanReadableCopyright = "";
				LD_RUNPATH_SEARCH_PATHS = (
					"$(inherited)",
					"@executable_path/Frameworks",
					"@executable_path/../../Frameworks",
				);
				MARKETING_VERSION = 1.0;
				PRODUCT_BUNDLE_IDENTIFIER = com.yosshi.DynamicIslandProject.OrderStatus;
				PRODUCT_NAME = "$(TARGET_NAME)";
				SKIP_INSTALL = YES;
				SWIFT_EMIT_LOC_STRINGS = YES;
				SWIFT_VERSION = 5.0;
				TARGETED_DEVICE_FAMILY = "1,2";
			};
			name = Debug;
		};
		361E8E842AD944DC0061EF0C /* Release */ = {
			isa = XCBuildConfiguration;
			buildSettings = {
				ASSETCATALOG_COMPILER_GLOBAL_ACCENT_COLOR_NAME = AccentColor;
				ASSETCATALOG_COMPILER_WIDGET_BACKGROUND_COLOR_NAME = WidgetBackground;
				CODE_SIGN_STYLE = Automatic;
				CURRENT_PROJECT_VERSION = 1;
				DEVELOPMENT_TEAM = ASYY52PPPV;
				GENERATE_INFOPLIST_FILE = YES;
				INFOPLIST_FILE = OrderStatus/Info.plist;
				INFOPLIST_KEY_CFBundleDisplayName = OrderStatus;
				INFOPLIST_KEY_NSHumanReadableCopyright = "";
				LD_RUNPATH_SEARCH_PATHS = (
					"$(inherited)",
					"@executable_path/Frameworks",
					"@executable_path/../../Frameworks",
				);
				MARKETING_VERSION = 1.0;
				PRODUCT_BUNDLE_IDENTIFIER = com.yosshi.DynamicIslandProject.OrderStatus;
				PRODUCT_NAME = "$(TARGET_NAME)";
				SKIP_INSTALL = YES;
				SWIFT_EMIT_LOC_STRINGS = YES;
				SWIFT_VERSION = 5.0;
				TARGETED_DEVICE_FAMILY = "1,2";
			};
			name = Release;
		};
/* End XCBuildConfiguration section */

/* Begin XCConfigurationList section */
		361E8E362AD940700061EF0C /* Build configuration list for PBXProject "DynamicIslandProject" */ = {
			isa = XCConfigurationList;
			buildConfigurations = (
				361E8E5D2AD940720061EF0C /* Debug */,
				361E8E5E2AD940720061EF0C /* Release */,
			);
			defaultConfigurationIsVisible = 0;
			defaultConfigurationName = Release;
		};
		361E8E5F2AD940720061EF0C /* Build configuration list for PBXNativeTarget "DynamicIslandProject" */ = {
			isa = XCConfigurationList;
			buildConfigurations = (
				361E8E602AD940720061EF0C /* Debug */,
				361E8E612AD940720061EF0C /* Release */,
			);
			defaultConfigurationIsVisible = 0;
			defaultConfigurationName = Release;
		};
		361E8E622AD940720061EF0C /* Build configuration list for PBXNativeTarget "DynamicIslandProjectTests" */ = {
			isa = XCConfigurationList;
			buildConfigurations = (
				361E8E632AD940720061EF0C /* Debug */,
				361E8E642AD940720061EF0C /* Release */,
			);
			defaultConfigurationIsVisible = 0;
			defaultConfigurationName = Release;
		};
		361E8E652AD940720061EF0C /* Build configuration list for PBXNativeTarget "DynamicIslandProjectUITests" */ = {
			isa = XCConfigurationList;
			buildConfigurations = (
				361E8E662AD940720061EF0C /* Debug */,
				361E8E672AD940720061EF0C /* Release */,
			);
			defaultConfigurationIsVisible = 0;
			defaultConfigurationName = Release;
		};
		361E8E822AD944DC0061EF0C /* Build configuration list for PBXNativeTarget "OrderStatusExtension" */ = {
			isa = XCConfigurationList;
			buildConfigurations = (
				361E8E832AD944DC0061EF0C /* Debug */,
				361E8E842AD944DC0061EF0C /* Release */,
			);
			defaultConfigurationIsVisible = 0;
			defaultConfigurationName = Release;
		};
/* End XCConfigurationList section */
	};
	rootObject = 361E8E332AD940700061EF0C /* Project object */;
}
